
Microsoft Visual Studio Solution File, Format Version 12.00
# Visual Studio Version 16
VisualStudioVersion = 16.0.28803.202
MinimumVisualStudioVersion = 10.0.40219.1
Project("{FAE04EC0-301F-11D3-BF4B-00C04F79EFBC}") = "ComicsShelf.Android", "ComicsShelf.Android\ComicsShelf.Android.csproj", "{C6AD9621-5589-4C66-94B9-2BF02C5BC91F}"
EndProject
Project("{FAE04EC0-301F-11D3-BF4B-00C04F79EFBC}") = "ComicsShelf.iOS", "ComicsShelf.iOS\ComicsShelf.iOS.csproj", "{D1AD13CD-77CE-4B4B-8433-8B2EB5233A5B}"
EndProject
Project("{FAE04EC0-301F-11D3-BF4B-00C04F79EFBC}") = "ComicsShelf", "ComicsShelf\ComicsShelf.csproj", "{AFFFB8B9-767A-4FB2-81B4-CCAFF562C462}"
EndProject
Global
	GlobalSection(SolutionConfigurationPlatforms) = preSolution
		Debug|Any CPU = Debug|Any CPU
		Debug|iPhone = Debug|iPhone
		Debug|iPhoneSimulator = Debug|iPhoneSimulator
		Release|Any CPU = Release|Any CPU
		Release|iPhone = Release|iPhone
		Release|iPhoneSimulator = Release|iPhoneSimulator
	EndGlobalSection
	GlobalSection(ProjectConfigurationPlatforms) = postSolution
		{C6AD9621-5589-4C66-94B9-2BF02C5BC91F}.Debug|Any CPU.ActiveCfg = Debug|Any CPU
		{C6AD9621-5589-4C66-94B9-2BF02C5BC91F}.Debug|Any CPU.Build.0 = Debug|Any CPU
		{C6AD9621-5589-4C66-94B9-2BF02C5BC91F}.Debug|Any CPU.Deploy.0 = Debug|Any CPU
		{C6AD9621-5589-4C66-94B9-2BF02C5BC91F}.Debug|iPhone.ActiveCfg = Debug|Any CPU
		{C6AD9621-5589-4C66-94B9-2BF02C5BC91F}.Debug|iPhone.Build.0 = Debug|Any CPU
		{C6AD9621-5589-4C66-94B9-2BF02C5BC91F}.Debug|iPhone.Deploy.0 = Debug|Any CPU
		{C6AD9621-5589-4C66-94B9-2BF02C5BC91F}.Debug|iPhoneSimulator.ActiveCfg = Debug|Any CPU
		{C6AD9621-5589-4C66-94B9-2BF02C5BC91F}.Debug|iPhoneSimulator.Build.0 = Debug|Any CPU
		{C6AD9621-5589-4C66-94B9-2BF02C5BC91F}.Debug|iPhoneSimulator.Deploy.0 = Debug|Any CPU
		{C6AD9621-5589-4C66-94B9-2BF02C5BC91F}.Release|Any CPU.ActiveCfg = Release|Any CPU
		{C6AD9621-5589-4C66-94B9-2BF02C5BC91F}.Release|Any CPU.Build.0 = Release|Any CPU
		{C6AD9621-5589-4C66-94B9-2BF02C5BC91F}.Release|Any CPU.Deploy.0 = Release|Any CPU
		{C6AD9621-5589-4C66-94B9-2BF02C5BC91F}.Release|iPhone.ActiveCfg = Release|Any CPU
		{C6AD9621-5589-4C66-94B9-2BF02C5BC91F}.Release|iPhone.Build.0 = Release|Any CPU
		{C6AD9621-5589-4C66-94B9-2BF02C5BC91F}.Release|iPhone.Deploy.0 = Release|Any CPU
		{C6AD9621-5589-4C66-94B9-2BF02C5BC91F}.Release|iPhoneSimulator.ActiveCfg = Release|Any CPU
		{C6AD9621-5589-4C66-94B9-2BF02C5BC91F}.Release|iPhoneSimulator.Build.0 = Release|Any CPU
		{C6AD9621-5589-4C66-94B9-2BF02C5BC91F}.Release|iPhoneSimulator.Deploy.0 = Release|Any CPU
		{D1AD13CD-77CE-4B4B-8433-8B2EB5233A5B}.Debug|Any CPU.ActiveCfg = Debug|iPhoneSimulator
		{D1AD13CD-77CE-4B4B-8433-8B2EB5233A5B}.Debug|Any CPU.Build.0 = Debug|iPhoneSimulator
		{D1AD13CD-77CE-4B4B-8433-8B2EB5233A5B}.Debug|Any CPU.Deploy.0 = Debug|iPhoneSimulator
		{D1AD13CD-77CE-4B4B-8433-8B2EB5233A5B}.Debug|iPhone.ActiveCfg = Debug|iPhone
		{D1AD13CD-77CE-4B4B-8433-8B2EB5233A5B}.Debug|iPhone.Build.0 = Debug|iPhone
		{D1AD13CD-77CE-4B4B-8433-8B2EB5233A5B}.Debug|iPhone.Deploy.0 = Debug|iPhone
		{D1AD13CD-77CE-4B4B-8433-8B2EB5233A5B}.Debug|iPhoneSimulator.ActiveCfg = Debug|iPhoneSimulator
		{D1AD13CD-77CE-4B4B-8433-8B2EB5233A5B}.Debug|iPhoneSimulator.Build.0 = Debug|iPhoneSimulator
		{D1AD13CD-77CE-4B4B-8433-8B2EB5233A5B}.Debug|iPhoneSimulator.Deploy.0 = Debug|iPhoneSimulator
		{D1AD13CD-77CE-4B4B-8433-8B2EB5233A5B}.Release|Any CPU.ActiveCfg = Release|iPhone
		{D1AD13CD-77CE-4B4B-8433-8B2EB5233A5B}.Release|Any CPU.Build.0 = Release|iPhone
		{D1AD13CD-77CE-4B4B-8433-8B2EB5233A5B}.Release|Any CPU.Deploy.0 = Release|iPhone
		{D1AD13CD-77CE-4B4B-8433-8B2EB5233A5B}.Release|iPhone.ActiveCfg = Release|iPhone
		{D1AD13CD-77CE-4B4B-8433-8B2EB5233A5B}.Release|iPhone.Build.0 = Release|iPhone
		{D1AD13CD-77CE-4B4B-8433-8B2EB5233A5B}.Release|iPhone.Deploy.0 = Release|iPhone
		{D1AD13CD-77CE-4B4B-8433-8B2EB5233A5B}.Release|iPhoneSimulator.ActiveCfg = Release|iPhoneSimulator
		{D1AD13CD-77CE-4B4B-8433-8B2EB5233A5B}.Release|iPhoneSimulator.Build.0 = Release|iPhoneSimulator
		{D1AD13CD-77CE-4B4B-8433-8B2EB5233A5B}.Release|iPhoneSimulator.Deploy.0 = Release|iPhoneSimulator
		{AFFFB8B9-767A-4FB2-81B4-CCAFF562C462}.Debug|Any CPU.ActiveCfg = Debug|Any CPU
		{AFFFB8B9-767A-4FB2-81B4-CCAFF562C462}.Debug|Any CPU.Build.0 = Debug|Any CPU
		{AFFFB8B9-767A-4FB2-81B4-CCAFF562C462}.Debug|Any CPU.Deploy.0 = Debug|Any CPU
		{AFFFB8B9-767A-4FB2-81B4-CCAFF562C462}.Debug|iPhone.ActiveCfg = Debug|Any CPU
		{AFFFB8B9-767A-4FB2-81B4-CCAFF562C462}.Debug|iPhone.Build.0 = Debug|Any CPU
		{AFFFB8B9-767A-4FB2-81B4-CCAFF562C462}.Debug|iPhone.Deploy.0 = Debug|Any CPU
		{AFFFB8B9-767A-4FB2-81B4-CCAFF562C462}.Debug|iPhoneSimulator.ActiveCfg = Debug|Any CPU
		{AFFFB8B9-767A-4FB2-81B4-CCAFF562C462}.Debug|iPhoneSimulator.Build.0 = Debug|Any CPU
		{AFFFB8B9-767A-4FB2-81B4-CCAFF562C462}.Debug|iPhoneSimulator.Deploy.0 = Debug|Any CPU
		{AFFFB8B9-767A-4FB2-81B4-CCAFF562C462}.Release|Any CPU.ActiveCfg = Release|Any CPU
		{AFFFB8B9-767A-4FB2-81B4-CCAFF562C462}.Release|Any CPU.Build.0 = Release|Any CPU
		{AFFFB8B9-767A-4FB2-81B4-CCAFF562C462}.Release|Any CPU.Deploy.0 = Release|Any CPU
		{AFFFB8B9-767A-4FB2-81B4-CCAFF562C462}.Release|iPhone.ActiveCfg = Release|Any CPU
		{AFFFB8B9-767A-4FB2-81B4-CCAFF562C462}.Release|iPhone.Build.0 = Release|Any CPU
		{AFFFB8B9-767A-4FB2-81B4-CCAFF562C462}.Release|iPhone.Deploy.0 = Release|Any CPU
		{AFFFB8B9-767A-4FB2-81B4-CCAFF562C462}.Release|iPhoneSimulator.ActiveCfg = Release|Any CPU
		{AFFFB8B9-767A-4FB2-81B4-CCAFF562C462}.Release|iPhoneSimulator.Build.0 = Release|Any CPU
		{AFFFB8B9-767A-4FB2-81B4-CCAFF562C462}.Release|iPhoneSimulator.Deploy.0 = Release|Any CPU
	EndGlobalSection
	GlobalSection(SolutionProperties) = preSolution
		HideSolutionNode = FALSE
	EndGlobalSection
	GlobalSection(ExtensibilityGlobals) = postSolution
		SolutionGuid = {50C205C9-474B-45FD-AB6A-86087393CAF9}
	EndGlobalSection
EndGlobal
