
Microsoft Visual Studio Solution File, Format Version 12.00
# Visual Studio Version 16
VisualStudioVersion = 16.0.29215.179
MinimumVisualStudioVersion = 10.0.40219.1
Project("{FAE04EC0-301F-11D3-BF4B-00C04F79EFBC}") = "ComicsShelf.Android", "ComicsShelf.Android\ComicsShelf.Android.csproj", "{E532B6DA-B18E-429E-A4DC-E8A05F1D0F4C}"
EndProject
Project("{FAE04EC0-301F-11D3-BF4B-00C04F79EFBC}") = "ComicsShelf.iOS", "ComicsShelf.iOS\ComicsShelf.iOS.csproj", "{94BC2219-E243-45D0-AC6F-C66EA05A39CF}"
EndProject
Project("{9A19103F-16F7-4668-BE54-9A1E7A4F7556}") = "ComicsShelf", "ComicsShelf\ComicsShelf.csproj", "{E3290400-AB04-47D4-8887-9F045ADB60B0}"
EndProject
Global
	GlobalSection(SolutionConfigurationPlatforms) = preSolution
		Debug|Any CPU = Debug|Any CPU
		Debug|iPhone = Debug|iPhone
		Debug|iPhoneSimulator = Debug|iPhoneSimulator
		Release|Any CPU = Release|Any CPU
		Release|iPhone = Release|iPhone
		Release|iPhoneSimulator = Release|iPhoneSimulator
	EndGlobalSection
	GlobalSection(ProjectConfigurationPlatforms) = postSolution
		{E532B6DA-B18E-429E-A4DC-E8A05F1D0F4C}.Debug|Any CPU.ActiveCfg = Debug|Any CPU
		{E532B6DA-B18E-429E-A4DC-E8A05F1D0F4C}.Debug|Any CPU.Build.0 = Debug|Any CPU
		{E532B6DA-B18E-429E-A4DC-E8A05F1D0F4C}.Debug|Any CPU.Deploy.0 = Debug|Any CPU
		{E532B6DA-B18E-429E-A4DC-E8A05F1D0F4C}.Debug|iPhone.ActiveCfg = Debug|Any CPU
		{E532B6DA-B18E-429E-A4DC-E8A05F1D0F4C}.Debug|iPhone.Build.0 = Debug|Any CPU
		{E532B6DA-B18E-429E-A4DC-E8A05F1D0F4C}.Debug|iPhone.Deploy.0 = Debug|Any CPU
		{E532B6DA-B18E-429E-A4DC-E8A05F1D0F4C}.Debug|iPhoneSimulator.ActiveCfg = Debug|Any CPU
		{E532B6DA-B18E-429E-A4DC-E8A05F1D0F4C}.Debug|iPhoneSimulator.Build.0 = Debug|Any CPU
		{E532B6DA-B18E-429E-A4DC-E8A05F1D0F4C}.Debug|iPhoneSimulator.Deploy.0 = Debug|Any CPU
		{E532B6DA-B18E-429E-A4DC-E8A05F1D0F4C}.Release|Any CPU.ActiveCfg = Release|Any CPU
		{E532B6DA-B18E-429E-A4DC-E8A05F1D0F4C}.Release|Any CPU.Build.0 = Release|Any CPU
		{E532B6DA-B18E-429E-A4DC-E8A05F1D0F4C}.Release|Any CPU.Deploy.0 = Release|Any CPU
		{E532B6DA-B18E-429E-A4DC-E8A05F1D0F4C}.Release|iPhone.ActiveCfg = Release|Any CPU
		{E532B6DA-B18E-429E-A4DC-E8A05F1D0F4C}.Release|iPhone.Build.0 = Release|Any CPU
		{E532B6DA-B18E-429E-A4DC-E8A05F1D0F4C}.Release|iPhone.Deploy.0 = Release|Any CPU
		{E532B6DA-B18E-429E-A4DC-E8A05F1D0F4C}.Release|iPhoneSimulator.ActiveCfg = Release|Any CPU
		{E532B6DA-B18E-429E-A4DC-E8A05F1D0F4C}.Release|iPhoneSimulator.Build.0 = Release|Any CPU
		{E532B6DA-B18E-429E-A4DC-E8A05F1D0F4C}.Release|iPhoneSimulator.Deploy.0 = Release|Any CPU
		{94BC2219-E243-45D0-AC6F-C66EA05A39CF}.Debug|Any CPU.ActiveCfg = Debug|iPhoneSimulator
		{94BC2219-E243-45D0-AC6F-C66EA05A39CF}.Debug|Any CPU.Build.0 = Debug|iPhoneSimulator
		{94BC2219-E243-45D0-AC6F-C66EA05A39CF}.Debug|Any CPU.Deploy.0 = Debug|iPhoneSimulator
		{94BC2219-E243-45D0-AC6F-C66EA05A39CF}.Debug|iPhone.ActiveCfg = Debug|iPhone
		{94BC2219-E243-45D0-AC6F-C66EA05A39CF}.Debug|iPhone.Build.0 = Debug|iPhone
		{94BC2219-E243-45D0-AC6F-C66EA05A39CF}.Debug|iPhone.Deploy.0 = Debug|iPhone
		{94BC2219-E243-45D0-AC6F-C66EA05A39CF}.Debug|iPhoneSimulator.ActiveCfg = Debug|iPhoneSimulator
		{94BC2219-E243-45D0-AC6F-C66EA05A39CF}.Debug|iPhoneSimulator.Build.0 = Debug|iPhoneSimulator
		{94BC2219-E243-45D0-AC6F-C66EA05A39CF}.Debug|iPhoneSimulator.Deploy.0 = Debug|iPhoneSimulator
		{94BC2219-E243-45D0-AC6F-C66EA05A39CF}.Release|Any CPU.ActiveCfg = Release|iPhone
		{94BC2219-E243-45D0-AC6F-C66EA05A39CF}.Release|Any CPU.Build.0 = Release|iPhone
		{94BC2219-E243-45D0-AC6F-C66EA05A39CF}.Release|Any CPU.Deploy.0 = Release|iPhone
		{94BC2219-E243-45D0-AC6F-C66EA05A39CF}.Release|iPhone.ActiveCfg = Release|iPhone
		{94BC2219-E243-45D0-AC6F-C66EA05A39CF}.Release|iPhone.Build.0 = Release|iPhone
		{94BC2219-E243-45D0-AC6F-C66EA05A39CF}.Release|iPhone.Deploy.0 = Release|iPhone
		{94BC2219-E243-45D0-AC6F-C66EA05A39CF}.Release|iPhoneSimulator.ActiveCfg = Release|iPhoneSimulator
		{94BC2219-E243-45D0-AC6F-C66EA05A39CF}.Release|iPhoneSimulator.Build.0 = Release|iPhoneSimulator
		{94BC2219-E243-45D0-AC6F-C66EA05A39CF}.Release|iPhoneSimulator.Deploy.0 = Release|iPhoneSimulator
		{E3290400-AB04-47D4-8887-9F045ADB60B0}.Debug|Any CPU.ActiveCfg = Debug|Any CPU
		{E3290400-AB04-47D4-8887-9F045ADB60B0}.Debug|Any CPU.Build.0 = Debug|Any CPU
		{E3290400-AB04-47D4-8887-9F045ADB60B0}.Debug|iPhone.ActiveCfg = Debug|Any CPU
		{E3290400-AB04-47D4-8887-9F045ADB60B0}.Debug|iPhone.Build.0 = Debug|Any CPU
		{E3290400-AB04-47D4-8887-9F045ADB60B0}.Debug|iPhoneSimulator.ActiveCfg = Debug|Any CPU
		{E3290400-AB04-47D4-8887-9F045ADB60B0}.Debug|iPhoneSimulator.Build.0 = Debug|Any CPU
		{E3290400-AB04-47D4-8887-9F045ADB60B0}.Release|Any CPU.ActiveCfg = Release|Any CPU
		{E3290400-AB04-47D4-8887-9F045ADB60B0}.Release|Any CPU.Build.0 = Release|Any CPU
		{E3290400-AB04-47D4-8887-9F045ADB60B0}.Release|iPhone.ActiveCfg = Release|Any CPU
		{E3290400-AB04-47D4-8887-9F045ADB60B0}.Release|iPhone.Build.0 = Release|Any CPU
		{E3290400-AB04-47D4-8887-9F045ADB60B0}.Release|iPhoneSimulator.ActiveCfg = Release|Any CPU
		{E3290400-AB04-47D4-8887-9F045ADB60B0}.Release|iPhoneSimulator.Build.0 = Release|Any CPU
	EndGlobalSection
	GlobalSection(SolutionProperties) = preSolution
		HideSolutionNode = FALSE
	EndGlobalSection
	GlobalSection(ExtensibilityGlobals) = postSolution
		SolutionGuid = {53AD46AF-CC3F-44DB-BBE3-961674B1FE66}
	EndGlobalSection
EndGlobal
